
Microsoft Visual Studio Solution File, Format Version 12.00
# Visual Studio 15
VisualStudioVersion = 15.0.26228.9
MinimumVisualStudioVersion = 10.0.40219.1
Project("{FAE04EC0-301F-11D3-BF4B-00C04F79EFBC}") = "MVC5", "MVC5\MVC5.csproj", "{30665471-C87C-4A61-AF0D-DA3D06CA3214}"
EndProject
Project("{FAE04EC0-301F-11D3-BF4B-00C04F79EFBC}") = "Comm", "Comm\Comm.csproj", "{663E338B-5C59-4006-9540-468D9254A1EA}"
EndProject
Project("{FAE04EC0-301F-11D3-BF4B-00C04F79EFBC}") = "BLL", "BLL\BLL.csproj", "{36EA25ED-B755-4F40-9930-C973631AE605}"
EndProject
Project("{FAE04EC0-301F-11D3-BF4B-00C04F79EFBC}") = "Model", "Model\Model.csproj", "{93264628-6141-4D89-A6CA-84B9AABB6CFE}"
EndProject
Project("{FAE04EC0-301F-11D3-BF4B-00C04F79EFBC}") = "WebControl", "WebControl\WebControl.csproj", "{05368FE9-29F5-4F1E-A752-9F4489B1A0E2}"
EndProject
Project("{FAE04EC0-301F-11D3-BF4B-00C04F79EFBC}") = "DAL", "DAL\DAL.csproj", "{9A086557-85FC-4E8A-9991-B8AD4C6C766E}"
EndProject
Project("{FAE04EC0-301F-11D3-BF4B-00C04F79EFBC}") = "IBLL", "IBLL\IBLL.csproj", "{B29C6792-5C13-4789-A961-F87E312D979C}"
EndProject
Project("{FAE04EC0-301F-11D3-BF4B-00C04F79EFBC}") = "IDAL", "IDAL\IDAL.csproj", "{7074BB6A-5BB5-49D1-80C2-41B1AE4807EA}"
EndProject
Global
	GlobalSection(SolutionConfigurationPlatforms) = preSolution
		Debug|Any CPU = Debug|Any CPU
		Release|Any CPU = Release|Any CPU
	EndGlobalSection
	GlobalSection(ProjectConfigurationPlatforms) = postSolution
		{30665471-C87C-4A61-AF0D-DA3D06CA3214}.Debug|Any CPU.ActiveCfg = Debug|Any CPU
		{30665471-C87C-4A61-AF0D-DA3D06CA3214}.Debug|Any CPU.Build.0 = Debug|Any CPU
		{30665471-C87C-4A61-AF0D-DA3D06CA3214}.Release|Any CPU.ActiveCfg = Release|Any CPU
		{30665471-C87C-4A61-AF0D-DA3D06CA3214}.Release|Any CPU.Build.0 = Release|Any CPU
		{663E338B-5C59-4006-9540-468D9254A1EA}.Debug|Any CPU.ActiveCfg = Debug|Any CPU
		{663E338B-5C59-4006-9540-468D9254A1EA}.Debug|Any CPU.Build.0 = Debug|Any CPU
		{663E338B-5C59-4006-9540-468D9254A1EA}.Release|Any CPU.ActiveCfg = Release|Any CPU
		{663E338B-5C59-4006-9540-468D9254A1EA}.Release|Any CPU.Build.0 = Release|Any CPU
		{36EA25ED-B755-4F40-9930-C973631AE605}.Debug|Any CPU.ActiveCfg = Debug|Any CPU
		{36EA25ED-B755-4F40-9930-C973631AE605}.Debug|Any CPU.Build.0 = Debug|Any CPU
		{36EA25ED-B755-4F40-9930-C973631AE605}.Release|Any CPU.ActiveCfg = Release|Any CPU
		{36EA25ED-B755-4F40-9930-C973631AE605}.Release|Any CPU.Build.0 = Release|Any CPU
		{93264628-6141-4D89-A6CA-84B9AABB6CFE}.Debug|Any CPU.ActiveCfg = Debug|Any CPU
		{93264628-6141-4D89-A6CA-84B9AABB6CFE}.Debug|Any CPU.Build.0 = Debug|Any CPU
		{93264628-6141-4D89-A6CA-84B9AABB6CFE}.Release|Any CPU.ActiveCfg = Release|Any CPU
		{93264628-6141-4D89-A6CA-84B9AABB6CFE}.Release|Any CPU.Build.0 = Release|Any CPU
		{05368FE9-29F5-4F1E-A752-9F4489B1A0E2}.Debug|Any CPU.ActiveCfg = Debug|Any CPU
		{05368FE9-29F5-4F1E-A752-9F4489B1A0E2}.Debug|Any CPU.Build.0 = Debug|Any CPU
		{05368FE9-29F5-4F1E-A752-9F4489B1A0E2}.Release|Any CPU.ActiveCfg = Release|Any CPU
		{05368FE9-29F5-4F1E-A752-9F4489B1A0E2}.Release|Any CPU.Build.0 = Release|Any CPU
		{9A086557-85FC-4E8A-9991-B8AD4C6C766E}.Debug|Any CPU.ActiveCfg = Debug|Any CPU
		{9A086557-85FC-4E8A-9991-B8AD4C6C766E}.Debug|Any CPU.Build.0 = Debug|Any CPU
		{9A086557-85FC-4E8A-9991-B8AD4C6C766E}.Release|Any CPU.ActiveCfg = Release|Any CPU
		{9A086557-85FC-4E8A-9991-B8AD4C6C766E}.Release|Any CPU.Build.0 = Release|Any CPU
		{B29C6792-5C13-4789-A961-F87E312D979C}.Debug|Any CPU.ActiveCfg = Debug|Any CPU
		{B29C6792-5C13-4789-A961-F87E312D979C}.Debug|Any CPU.Build.0 = Debug|Any CPU
		{B29C6792-5C13-4789-A961-F87E312D979C}.Release|Any CPU.ActiveCfg = Release|Any CPU
		{B29C6792-5C13-4789-A961-F87E312D979C}.Release|Any CPU.Build.0 = Release|Any CPU
		{7074BB6A-5BB5-49D1-80C2-41B1AE4807EA}.Debug|Any CPU.ActiveCfg = Debug|Any CPU
		{7074BB6A-5BB5-49D1-80C2-41B1AE4807EA}.Debug|Any CPU.Build.0 = Debug|Any CPU
		{7074BB6A-5BB5-49D1-80C2-41B1AE4807EA}.Release|Any CPU.ActiveCfg = Release|Any CPU
		{7074BB6A-5BB5-49D1-80C2-41B1AE4807EA}.Release|Any CPU.Build.0 = Release|Any CPU
	EndGlobalSection
	GlobalSection(SolutionProperties) = preSolution
		HideSolutionNode = FALSE
	EndGlobalSection
EndGlobal
